<?xml version="1.0" encoding="UTF-8"?>
<Project ToolsVersion="14.0" xmlns="http://schemas.microsoft.com/developer/msbuild/2003">
  <ItemGroup>
    <CustomBuild Include="C:\Users\Lunam\Dropbox\Projects\pbrt-v3-master\build\CMakeFiles\da6dcb45ff6d2eab684643176cd204ca\RUN_TESTS_force.rule">
      <Filter>CMake Rules</Filter>
    </CustomBuild>
  </ItemGroup>
  <ItemGroup>
    <Filter Include="CMake Rules">
      <UniqueIdentifier>{9E41D356-BB06-38F3-8C01-5C3BB89457B4}</UniqueIdentifier>
    </Filter>
  </ItemGroup>
</Project>
