Microsoft Visual Studio Solution File, Format Version 12.00
# Visual Studio 14
Project("{8BC9CEB8-8B4A-11D0-8D11-00A0C91BC942}") = "ALL_BUILD", "ALL_BUILD.vcxproj", "{63B8E702-FB66-3883-813E-2FF64BC10EF9}"
	ProjectSection(ProjectDependencies) = postProject
		{0F610450-241F-307F-94AE-EDA27044349F} = {0F610450-241F-307F-94AE-EDA27044349F}
		{F4ED612D-1231-3F2A-A2C2-170895F58EC3} = {F4ED612D-1231-3F2A-A2C2-170895F58EC3}
		{237BCB75-BC86-305C-BA54-202E0CD52A38} = {237BCB75-BC86-305C-BA54-202E0CD52A38}
		{B8DFE5C7-5F42-3B83-8B67-C300AF451F77} = {B8DFE5C7-5F42-3B83-8B67-C300AF451F77}
		{886E4CF9-802E-3AB1-A7A2-7649D8BA262B} = {886E4CF9-802E-3AB1-A7A2-7649D8BA262B}
		{E4DAD006-F817-3322-9DB4-443D100ECC26} = {E4DAD006-F817-3322-9DB4-443D100ECC26}
	EndProjectSection
EndProject
Project("{8BC9CEB8-8B4A-11D0-8D11-00A0C91BC942}") = "INSTALL", "INSTALL.vcxproj", "{7730B65B-DABA-398C-86AF-DB9F56B2B37E}"
	ProjectSection(ProjectDependencies) = postProject
		{63B8E702-FB66-3883-813E-2FF64BC10EF9} = {63B8E702-FB66-3883-813E-2FF64BC10EF9}
		{0F610450-241F-307F-94AE-EDA27044349F} = {0F610450-241F-307F-94AE-EDA27044349F}
	EndProjectSection
EndProject
Project("{8BC9CEB8-8B4A-11D0-8D11-00A0C91BC942}") = "PACKAGE", "PACKAGE.vcxproj", "{189EA52E-6F66-38B2-BB65-B34E68A322FF}"
	ProjectSection(ProjectDependencies) = postProject
		{63B8E702-FB66-3883-813E-2FF64BC10EF9} = {63B8E702-FB66-3883-813E-2FF64BC10EF9}
		{0F610450-241F-307F-94AE-EDA27044349F} = {0F610450-241F-307F-94AE-EDA27044349F}
	EndProjectSection
EndProject
Project("{8BC9CEB8-8B4A-11D0-8D11-00A0C91BC942}") = "RUN_TESTS", "RUN_TESTS.vcxproj", "{5A799D19-0D57-324A-A88B-361BB37EFBA9}"
	ProjectSection(ProjectDependencies) = postProject
		{0F610450-241F-307F-94AE-EDA27044349F} = {0F610450-241F-307F-94AE-EDA27044349F}
	EndProjectSection
EndProject
Project("{8BC9CEB8-8B4A-11D0-8D11-00A0C91BC942}") = "ZERO_CHECK", "..\..\..\\ZERO_CHECK.vcxproj", "{0F610450-241F-307F-94AE-EDA27044349F}"
	ProjectSection(ProjectDependencies) = postProject
	EndProjectSection
EndProject
Project("{8BC9CEB8-8B4A-11D0-8D11-00A0C91BC942}") = "demangle_unittest", "demangle_unittest.vcxproj", "{F4ED612D-1231-3F2A-A2C2-170895F58EC3}"
	ProjectSection(ProjectDependencies) = postProject
		{0F610450-241F-307F-94AE-EDA27044349F} = {0F610450-241F-307F-94AE-EDA27044349F}
		{237BCB75-BC86-305C-BA54-202E0CD52A38} = {237BCB75-BC86-305C-BA54-202E0CD52A38}
	EndProjectSection
EndProject
Project("{8BC9CEB8-8B4A-11D0-8D11-00A0C91BC942}") = "glog", "glog.vcxproj", "{237BCB75-BC86-305C-BA54-202E0CD52A38}"
	ProjectSection(ProjectDependencies) = postProject
		{0F610450-241F-307F-94AE-EDA27044349F} = {0F610450-241F-307F-94AE-EDA27044349F}
	EndProjectSection
EndProject
Project("{8BC9CEB8-8B4A-11D0-8D11-00A0C91BC942}") = "logging_unittest", "logging_unittest.vcxproj", "{B8DFE5C7-5F42-3B83-8B67-C300AF451F77}"
	ProjectSection(ProjectDependencies) = postProject
		{0F610450-241F-307F-94AE-EDA27044349F} = {0F610450-241F-307F-94AE-EDA27044349F}
		{237BCB75-BC86-305C-BA54-202E0CD52A38} = {237BCB75-BC86-305C-BA54-202E0CD52A38}
	EndProjectSection
EndProject
Project("{8BC9CEB8-8B4A-11D0-8D11-00A0C91BC942}") = "stl_logging_unittest", "stl_logging_unittest.vcxproj", "{886E4CF9-802E-3AB1-A7A2-7649D8BA262B}"
	ProjectSection(ProjectDependencies) = postProject
		{0F610450-241F-307F-94AE-EDA27044349F} = {0F610450-241F-307F-94AE-EDA27044349F}
		{237BCB75-BC86-305C-BA54-202E0CD52A38} = {237BCB75-BC86-305C-BA54-202E0CD52A38}
	EndProjectSection
EndProject
Project("{8BC9CEB8-8B4A-11D0-8D11-00A0C91BC942}") = "utilities_unittest", "utilities_unittest.vcxproj", "{E4DAD006-F817-3322-9DB4-443D100ECC26}"
	ProjectSection(ProjectDependencies) = postProject
		{0F610450-241F-307F-94AE-EDA27044349F} = {0F610450-241F-307F-94AE-EDA27044349F}
		{237BCB75-BC86-305C-BA54-202E0CD52A38} = {237BCB75-BC86-305C-BA54-202E0CD52A38}
	EndProjectSection
EndProject
Global
	GlobalSection(SolutionConfigurationPlatforms) = preSolution
		Debug|x64 = Debug|x64
		Release|x64 = Release|x64
		MinSizeRel|x64 = MinSizeRel|x64
		RelWithDebInfo|x64 = RelWithDebInfo|x64
	EndGlobalSection
	GlobalSection(ProjectConfigurationPlatforms) = postSolution
		{63B8E702-FB66-3883-813E-2FF64BC10EF9}.Debug|x64.ActiveCfg = Debug|x64
		{63B8E702-FB66-3883-813E-2FF64BC10EF9}.Debug|x64.Build.0 = Debug|x64
		{63B8E702-FB66-3883-813E-2FF64BC10EF9}.Release|x64.ActiveCfg = Release|x64
		{63B8E702-FB66-3883-813E-2FF64BC10EF9}.Release|x64.Build.0 = Release|x64
		{63B8E702-FB66-3883-813E-2FF64BC10EF9}.MinSizeRel|x64.ActiveCfg = MinSizeRel|x64
		{63B8E702-FB66-3883-813E-2FF64BC10EF9}.MinSizeRel|x64.Build.0 = MinSizeRel|x64
		{63B8E702-FB66-3883-813E-2FF64BC10EF9}.RelWithDebInfo|x64.ActiveCfg = RelWithDebInfo|x64
		{63B8E702-FB66-3883-813E-2FF64BC10EF9}.RelWithDebInfo|x64.Build.0 = RelWithDebInfo|x64
		{7730B65B-DABA-398C-86AF-DB9F56B2B37E}.Debug|x64.ActiveCfg = Debug|x64
		{7730B65B-DABA-398C-86AF-DB9F56B2B37E}.Release|x64.ActiveCfg = Release|x64
		{7730B65B-DABA-398C-86AF-DB9F56B2B37E}.MinSizeRel|x64.ActiveCfg = MinSizeRel|x64
		{7730B65B-DABA-398C-86AF-DB9F56B2B37E}.RelWithDebInfo|x64.ActiveCfg = RelWithDebInfo|x64
		{189EA52E-6F66-38B2-BB65-B34E68A322FF}.Debug|x64.ActiveCfg = Debug|x64
		{189EA52E-6F66-38B2-BB65-B34E68A322FF}.Release|x64.ActiveCfg = Release|x64
		{189EA52E-6F66-38B2-BB65-B34E68A322FF}.MinSizeRel|x64.ActiveCfg = MinSizeRel|x64
		{189EA52E-6F66-38B2-BB65-B34E68A322FF}.RelWithDebInfo|x64.ActiveCfg = RelWithDebInfo|x64
		{5A799D19-0D57-324A-A88B-361BB37EFBA9}.Debug|x64.ActiveCfg = Debug|x64
		{5A799D19-0D57-324A-A88B-361BB37EFBA9}.Release|x64.ActiveCfg = Release|x64
		{5A799D19-0D57-324A-A88B-361BB37EFBA9}.MinSizeRel|x64.ActiveCfg = MinSizeRel|x64
		{5A799D19-0D57-324A-A88B-361BB37EFBA9}.RelWithDebInfo|x64.ActiveCfg = RelWithDebInfo|x64
		{0F610450-241F-307F-94AE-EDA27044349F}.Debug|x64.ActiveCfg = Debug|x64
		{0F610450-241F-307F-94AE-EDA27044349F}.Debug|x64.Build.0 = Debug|x64
		{0F610450-241F-307F-94AE-EDA27044349F}.Release|x64.ActiveCfg = Release|x64
		{0F610450-241F-307F-94AE-EDA27044349F}.Release|x64.Build.0 = Release|x64
		{0F610450-241F-307F-94AE-EDA27044349F}.MinSizeRel|x64.ActiveCfg = MinSizeRel|x64
		{0F610450-241F-307F-94AE-EDA27044349F}.MinSizeRel|x64.Build.0 = MinSizeRel|x64
		{0F610450-241F-307F-94AE-EDA27044349F}.RelWithDebInfo|x64.ActiveCfg = RelWithDebInfo|x64
		{0F610450-241F-307F-94AE-EDA27044349F}.RelWithDebInfo|x64.Build.0 = RelWithDebInfo|x64
		{F4ED612D-1231-3F2A-A2C2-170895F58EC3}.Debug|x64.ActiveCfg = Debug|x64
		{F4ED612D-1231-3F2A-A2C2-170895F58EC3}.Debug|x64.Build.0 = Debug|x64
		{F4ED612D-1231-3F2A-A2C2-170895F58EC3}.Release|x64.ActiveCfg = Release|x64
		{F4ED612D-1231-3F2A-A2C2-170895F58EC3}.Release|x64.Build.0 = Release|x64
		{F4ED612D-1231-3F2A-A2C2-170895F58EC3}.MinSizeRel|x64.ActiveCfg = MinSizeRel|x64
		{F4ED612D-1231-3F2A-A2C2-170895F58EC3}.MinSizeRel|x64.Build.0 = MinSizeRel|x64
		{F4ED612D-1231-3F2A-A2C2-170895F58EC3}.RelWithDebInfo|x64.ActiveCfg = RelWithDebInfo|x64
		{F4ED612D-1231-3F2A-A2C2-170895F58EC3}.RelWithDebInfo|x64.Build.0 = RelWithDebInfo|x64
		{237BCB75-BC86-305C-BA54-202E0CD52A38}.Debug|x64.ActiveCfg = Debug|x64
		{237BCB75-BC86-305C-BA54-202E0CD52A38}.Debug|x64.Build.0 = Debug|x64
		{237BCB75-BC86-305C-BA54-202E0CD52A38}.Release|x64.ActiveCfg = Release|x64
		{237BCB75-BC86-305C-BA54-202E0CD52A38}.Release|x64.Build.0 = Release|x64
		{237BCB75-BC86-305C-BA54-202E0CD52A38}.MinSizeRel|x64.ActiveCfg = MinSizeRel|x64
		{237BCB75-BC86-305C-BA54-202E0CD52A38}.MinSizeRel|x64.Build.0 = MinSizeRel|x64
		{237BCB75-BC86-305C-BA54-202E0CD52A38}.RelWithDebInfo|x64.ActiveCfg = RelWithDebInfo|x64
		{237BCB75-BC86-305C-BA54-202E0CD52A38}.RelWithDebInfo|x64.Build.0 = RelWithDebInfo|x64
		{B8DFE5C7-5F42-3B83-8B67-C300AF451F77}.Debug|x64.ActiveCfg = Debug|x64
		{B8DFE5C7-5F42-3B83-8B67-C300AF451F77}.Debug|x64.Build.0 = Debug|x64
		{B8DFE5C7-5F42-3B83-8B67-C300AF451F77}.Release|x64.ActiveCfg = Release|x64
		{B8DFE5C7-5F42-3B83-8B67-C300AF451F77}.Release|x64.Build.0 = Release|x64
		{B8DFE5C7-5F42-3B83-8B67-C300AF451F77}.MinSizeRel|x64.ActiveCfg = MinSizeRel|x64
		{B8DFE5C7-5F42-3B83-8B67-C300AF451F77}.MinSizeRel|x64.Build.0 = MinSizeRel|x64
		{B8DFE5C7-5F42-3B83-8B67-C300AF451F77}.RelWithDebInfo|x64.ActiveCfg = RelWithDebInfo|x64
		{B8DFE5C7-5F42-3B83-8B67-C300AF451F77}.RelWithDebInfo|x64.Build.0 = RelWithDebInfo|x64
		{886E4CF9-802E-3AB1-A7A2-7649D8BA262B}.Debug|x64.ActiveCfg = Debug|x64
		{886E4CF9-802E-3AB1-A7A2-7649D8BA262B}.Debug|x64.Build.0 = Debug|x64
		{886E4CF9-802E-3AB1-A7A2-7649D8BA262B}.Release|x64.ActiveCfg = Release|x64
		{886E4CF9-802E-3AB1-A7A2-7649D8BA262B}.Release|x64.Build.0 = Release|x64
		{886E4CF9-802E-3AB1-A7A2-7649D8BA262B}.MinSizeRel|x64.ActiveCfg = MinSizeRel|x64
		{886E4CF9-802E-3AB1-A7A2-7649D8BA262B}.MinSizeRel|x64.Build.0 = MinSizeRel|x64
		{886E4CF9-802E-3AB1-A7A2-7649D8BA262B}.RelWithDebInfo|x64.ActiveCfg = RelWithDebInfo|x64
		{886E4CF9-802E-3AB1-A7A2-7649D8BA262B}.RelWithDebInfo|x64.Build.0 = RelWithDebInfo|x64
		{E4DAD006-F817-3322-9DB4-443D100ECC26}.Debug|x64.ActiveCfg = Debug|x64
		{E4DAD006-F817-3322-9DB4-443D100ECC26}.Debug|x64.Build.0 = Debug|x64
		{E4DAD006-F817-3322-9DB4-443D100ECC26}.Release|x64.ActiveCfg = Release|x64
		{E4DAD006-F817-3322-9DB4-443D100ECC26}.Release|x64.Build.0 = Release|x64
		{E4DAD006-F817-3322-9DB4-443D100ECC26}.MinSizeRel|x64.ActiveCfg = MinSizeRel|x64
		{E4DAD006-F817-3322-9DB4-443D100ECC26}.MinSizeRel|x64.Build.0 = MinSizeRel|x64
		{E4DAD006-F817-3322-9DB4-443D100ECC26}.RelWithDebInfo|x64.ActiveCfg = RelWithDebInfo|x64
		{E4DAD006-F817-3322-9DB4-443D100ECC26}.RelWithDebInfo|x64.Build.0 = RelWithDebInfo|x64
	EndGlobalSection
	GlobalSection(ExtensibilityGlobals) = postSolution
	EndGlobalSection
	GlobalSection(ExtensibilityAddIns) = postSolution
	EndGlobalSection
EndGlobal
