Microsoft Visual Studio Solution File, Format Version 12.00
# Visual Studio 14
Project("{8BC9CEB8-8B4A-11D0-8D11-00A0C91BC942}") = "ALL_BUILD", "ALL_BUILD.vcxproj", "{63B8E702-FB66-3883-813E-2FF64BC10EF9}"
	ProjectSection(ProjectDependencies) = postProject
		{32CD8212-B14F-3492-B4F1-09F051BA2A89} = {32CD8212-B14F-3492-B4F1-09F051BA2A89}
		{D010B8EA-483F-342D-845B-67CCF0A1C394} = {D010B8EA-483F-342D-845B-67CCF0A1C394}
		{4A81F64A-ABCC-3FE2-A886-BD2896748E08} = {4A81F64A-ABCC-3FE2-A886-BD2896748E08}
		{B1437136-E699-380D-81EC-202D9597A48C} = {B1437136-E699-380D-81EC-202D9597A48C}
		{6EA9E431-290E-3CF6-BA85-65626F68CF1E} = {6EA9E431-290E-3CF6-BA85-65626F68CF1E}
		{0F610450-241F-307F-94AE-EDA27044349F} = {0F610450-241F-307F-94AE-EDA27044349F}
		{6538D26D-CB92-33B9-90EE-72AA78147332} = {6538D26D-CB92-33B9-90EE-72AA78147332}
		{171CD88B-BF44-3A9F-A469-C58511B3C2BA} = {171CD88B-BF44-3A9F-A469-C58511B3C2BA}
	EndProjectSection
EndProject
Project("{8BC9CEB8-8B4A-11D0-8D11-00A0C91BC942}") = "Half", "Half\Half.vcxproj", "{32CD8212-B14F-3492-B4F1-09F051BA2A89}"
	ProjectSection(ProjectDependencies) = postProject
		{0F610450-241F-307F-94AE-EDA27044349F} = {0F610450-241F-307F-94AE-EDA27044349F}
		{6538D26D-CB92-33B9-90EE-72AA78147332} = {6538D26D-CB92-33B9-90EE-72AA78147332}
		{171CD88B-BF44-3A9F-A469-C58511B3C2BA} = {171CD88B-BF44-3A9F-A469-C58511B3C2BA}
	EndProjectSection
EndProject
Project("{8BC9CEB8-8B4A-11D0-8D11-00A0C91BC942}") = "INSTALL", "INSTALL.vcxproj", "{7730B65B-DABA-398C-86AF-DB9F56B2B37E}"
	ProjectSection(ProjectDependencies) = postProject
		{63B8E702-FB66-3883-813E-2FF64BC10EF9} = {63B8E702-FB66-3883-813E-2FF64BC10EF9}
		{0F610450-241F-307F-94AE-EDA27044349F} = {0F610450-241F-307F-94AE-EDA27044349F}
	EndProjectSection
EndProject
Project("{8BC9CEB8-8B4A-11D0-8D11-00A0C91BC942}") = "Iex", "Iex\Iex.vcxproj", "{D010B8EA-483F-342D-845B-67CCF0A1C394}"
	ProjectSection(ProjectDependencies) = postProject
		{0F610450-241F-307F-94AE-EDA27044349F} = {0F610450-241F-307F-94AE-EDA27044349F}
	EndProjectSection
EndProject
Project("{8BC9CEB8-8B4A-11D0-8D11-00A0C91BC942}") = "IexMath", "IexMath\IexMath.vcxproj", "{4A81F64A-ABCC-3FE2-A886-BD2896748E08}"
	ProjectSection(ProjectDependencies) = postProject
		{D010B8EA-483F-342D-845B-67CCF0A1C394} = {D010B8EA-483F-342D-845B-67CCF0A1C394}
		{0F610450-241F-307F-94AE-EDA27044349F} = {0F610450-241F-307F-94AE-EDA27044349F}
	EndProjectSection
EndProject
Project("{8BC9CEB8-8B4A-11D0-8D11-00A0C91BC942}") = "IlmThread", "IlmThread\IlmThread.vcxproj", "{B1437136-E699-380D-81EC-202D9597A48C}"
	ProjectSection(ProjectDependencies) = postProject
		{D010B8EA-483F-342D-845B-67CCF0A1C394} = {D010B8EA-483F-342D-845B-67CCF0A1C394}
		{0F610450-241F-307F-94AE-EDA27044349F} = {0F610450-241F-307F-94AE-EDA27044349F}
	EndProjectSection
EndProject
Project("{8BC9CEB8-8B4A-11D0-8D11-00A0C91BC942}") = "Imath", "Imath\Imath.vcxproj", "{6EA9E431-290E-3CF6-BA85-65626F68CF1E}"
	ProjectSection(ProjectDependencies) = postProject
		{D010B8EA-483F-342D-845B-67CCF0A1C394} = {D010B8EA-483F-342D-845B-67CCF0A1C394}
		{0F610450-241F-307F-94AE-EDA27044349F} = {0F610450-241F-307F-94AE-EDA27044349F}
	EndProjectSection
EndProject
Project("{8BC9CEB8-8B4A-11D0-8D11-00A0C91BC942}") = "PACKAGE", "PACKAGE.vcxproj", "{189EA52E-6F66-38B2-BB65-B34E68A322FF}"
	ProjectSection(ProjectDependencies) = postProject
		{63B8E702-FB66-3883-813E-2FF64BC10EF9} = {63B8E702-FB66-3883-813E-2FF64BC10EF9}
		{0F610450-241F-307F-94AE-EDA27044349F} = {0F610450-241F-307F-94AE-EDA27044349F}
	EndProjectSection
EndProject
Project("{8BC9CEB8-8B4A-11D0-8D11-00A0C91BC942}") = "RUN_TESTS", "RUN_TESTS.vcxproj", "{5A799D19-0D57-324A-A88B-361BB37EFBA9}"
	ProjectSection(ProjectDependencies) = postProject
		{0F610450-241F-307F-94AE-EDA27044349F} = {0F610450-241F-307F-94AE-EDA27044349F}
	EndProjectSection
EndProject
Project("{8BC9CEB8-8B4A-11D0-8D11-00A0C91BC942}") = "ZERO_CHECK", "..\..\..\..\\ZERO_CHECK.vcxproj", "{0F610450-241F-307F-94AE-EDA27044349F}"
	ProjectSection(ProjectDependencies) = postProject
	EndProjectSection
EndProject
Project("{8BC9CEB8-8B4A-11D0-8D11-00A0C91BC942}") = "eLut", "Half\eLut.vcxproj", "{6538D26D-CB92-33B9-90EE-72AA78147332}"
	ProjectSection(ProjectDependencies) = postProject
		{0F610450-241F-307F-94AE-EDA27044349F} = {0F610450-241F-307F-94AE-EDA27044349F}
	EndProjectSection
EndProject
Project("{8BC9CEB8-8B4A-11D0-8D11-00A0C91BC942}") = "toFloat", "Half\toFloat.vcxproj", "{171CD88B-BF44-3A9F-A469-C58511B3C2BA}"
	ProjectSection(ProjectDependencies) = postProject
		{0F610450-241F-307F-94AE-EDA27044349F} = {0F610450-241F-307F-94AE-EDA27044349F}
	EndProjectSection
EndProject
Global
	GlobalSection(SolutionConfigurationPlatforms) = preSolution
		Debug|x64 = Debug|x64
		Release|x64 = Release|x64
		MinSizeRel|x64 = MinSizeRel|x64
		RelWithDebInfo|x64 = RelWithDebInfo|x64
	EndGlobalSection
	GlobalSection(ProjectConfigurationPlatforms) = postSolution
		{63B8E702-FB66-3883-813E-2FF64BC10EF9}.Debug|x64.ActiveCfg = Debug|x64
		{63B8E702-FB66-3883-813E-2FF64BC10EF9}.Debug|x64.Build.0 = Debug|x64
		{63B8E702-FB66-3883-813E-2FF64BC10EF9}.Release|x64.ActiveCfg = Release|x64
		{63B8E702-FB66-3883-813E-2FF64BC10EF9}.Release|x64.Build.0 = Release|x64
		{63B8E702-FB66-3883-813E-2FF64BC10EF9}.MinSizeRel|x64.ActiveCfg = MinSizeRel|x64
		{63B8E702-FB66-3883-813E-2FF64BC10EF9}.MinSizeRel|x64.Build.0 = MinSizeRel|x64
		{63B8E702-FB66-3883-813E-2FF64BC10EF9}.RelWithDebInfo|x64.ActiveCfg = RelWithDebInfo|x64
		{63B8E702-FB66-3883-813E-2FF64BC10EF9}.RelWithDebInfo|x64.Build.0 = RelWithDebInfo|x64
		{32CD8212-B14F-3492-B4F1-09F051BA2A89}.Debug|x64.ActiveCfg = Debug|x64
		{32CD8212-B14F-3492-B4F1-09F051BA2A89}.Debug|x64.Build.0 = Debug|x64
		{32CD8212-B14F-3492-B4F1-09F051BA2A89}.Release|x64.ActiveCfg = Release|x64
		{32CD8212-B14F-3492-B4F1-09F051BA2A89}.Release|x64.Build.0 = Release|x64
		{32CD8212-B14F-3492-B4F1-09F051BA2A89}.MinSizeRel|x64.ActiveCfg = MinSizeRel|x64
		{32CD8212-B14F-3492-B4F1-09F051BA2A89}.MinSizeRel|x64.Build.0 = MinSizeRel|x64
		{32CD8212-B14F-3492-B4F1-09F051BA2A89}.RelWithDebInfo|x64.ActiveCfg = RelWithDebInfo|x64
		{32CD8212-B14F-3492-B4F1-09F051BA2A89}.RelWithDebInfo|x64.Build.0 = RelWithDebInfo|x64
		{7730B65B-DABA-398C-86AF-DB9F56B2B37E}.Debug|x64.ActiveCfg = Debug|x64
		{7730B65B-DABA-398C-86AF-DB9F56B2B37E}.Release|x64.ActiveCfg = Release|x64
		{7730B65B-DABA-398C-86AF-DB9F56B2B37E}.MinSizeRel|x64.ActiveCfg = MinSizeRel|x64
		{7730B65B-DABA-398C-86AF-DB9F56B2B37E}.RelWithDebInfo|x64.ActiveCfg = RelWithDebInfo|x64
		{D010B8EA-483F-342D-845B-67CCF0A1C394}.Debug|x64.ActiveCfg = Debug|x64
		{D010B8EA-483F-342D-845B-67CCF0A1C394}.Debug|x64.Build.0 = Debug|x64
		{D010B8EA-483F-342D-845B-67CCF0A1C394}.Release|x64.ActiveCfg = Release|x64
		{D010B8EA-483F-342D-845B-67CCF0A1C394}.Release|x64.Build.0 = Release|x64
		{D010B8EA-483F-342D-845B-67CCF0A1C394}.MinSizeRel|x64.ActiveCfg = MinSizeRel|x64
		{D010B8EA-483F-342D-845B-67CCF0A1C394}.MinSizeRel|x64.Build.0 = MinSizeRel|x64
		{D010B8EA-483F-342D-845B-67CCF0A1C394}.RelWithDebInfo|x64.ActiveCfg = RelWithDebInfo|x64
		{D010B8EA-483F-342D-845B-67CCF0A1C394}.RelWithDebInfo|x64.Build.0 = RelWithDebInfo|x64
		{4A81F64A-ABCC-3FE2-A886-BD2896748E08}.Debug|x64.ActiveCfg = Debug|x64
		{4A81F64A-ABCC-3FE2-A886-BD2896748E08}.Debug|x64.Build.0 = Debug|x64
		{4A81F64A-ABCC-3FE2-A886-BD2896748E08}.Release|x64.ActiveCfg = Release|x64
		{4A81F64A-ABCC-3FE2-A886-BD2896748E08}.Release|x64.Build.0 = Release|x64
		{4A81F64A-ABCC-3FE2-A886-BD2896748E08}.MinSizeRel|x64.ActiveCfg = MinSizeRel|x64
		{4A81F64A-ABCC-3FE2-A886-BD2896748E08}.MinSizeRel|x64.Build.0 = MinSizeRel|x64
		{4A81F64A-ABCC-3FE2-A886-BD2896748E08}.RelWithDebInfo|x64.ActiveCfg = RelWithDebInfo|x64
		{4A81F64A-ABCC-3FE2-A886-BD2896748E08}.RelWithDebInfo|x64.Build.0 = RelWithDebInfo|x64
		{B1437136-E699-380D-81EC-202D9597A48C}.Debug|x64.ActiveCfg = Debug|x64
		{B1437136-E699-380D-81EC-202D9597A48C}.Debug|x64.Build.0 = Debug|x64
		{B1437136-E699-380D-81EC-202D9597A48C}.Release|x64.ActiveCfg = Release|x64
		{B1437136-E699-380D-81EC-202D9597A48C}.Release|x64.Build.0 = Release|x64
		{B1437136-E699-380D-81EC-202D9597A48C}.MinSizeRel|x64.ActiveCfg = MinSizeRel|x64
		{B1437136-E699-380D-81EC-202D9597A48C}.MinSizeRel|x64.Build.0 = MinSizeRel|x64
		{B1437136-E699-380D-81EC-202D9597A48C}.RelWithDebInfo|x64.ActiveCfg = RelWithDebInfo|x64
		{B1437136-E699-380D-81EC-202D9597A48C}.RelWithDebInfo|x64.Build.0 = RelWithDebInfo|x64
		{6EA9E431-290E-3CF6-BA85-65626F68CF1E}.Debug|x64.ActiveCfg = Debug|x64
		{6EA9E431-290E-3CF6-BA85-65626F68CF1E}.Debug|x64.Build.0 = Debug|x64
		{6EA9E431-290E-3CF6-BA85-65626F68CF1E}.Release|x64.ActiveCfg = Release|x64
		{6EA9E431-290E-3CF6-BA85-65626F68CF1E}.Release|x64.Build.0 = Release|x64
		{6EA9E431-290E-3CF6-BA85-65626F68CF1E}.MinSizeRel|x64.ActiveCfg = MinSizeRel|x64
		{6EA9E431-290E-3CF6-BA85-65626F68CF1E}.MinSizeRel|x64.Build.0 = MinSizeRel|x64
		{6EA9E431-290E-3CF6-BA85-65626F68CF1E}.RelWithDebInfo|x64.ActiveCfg = RelWithDebInfo|x64
		{6EA9E431-290E-3CF6-BA85-65626F68CF1E}.RelWithDebInfo|x64.Build.0 = RelWithDebInfo|x64
		{189EA52E-6F66-38B2-BB65-B34E68A322FF}.Debug|x64.ActiveCfg = Debug|x64
		{189EA52E-6F66-38B2-BB65-B34E68A322FF}.Release|x64.ActiveCfg = Release|x64
		{189EA52E-6F66-38B2-BB65-B34E68A322FF}.MinSizeRel|x64.ActiveCfg = MinSizeRel|x64
		{189EA52E-6F66-38B2-BB65-B34E68A322FF}.RelWithDebInfo|x64.ActiveCfg = RelWithDebInfo|x64
		{5A799D19-0D57-324A-A88B-361BB37EFBA9}.Debug|x64.ActiveCfg = Debug|x64
		{5A799D19-0D57-324A-A88B-361BB37EFBA9}.Release|x64.ActiveCfg = Release|x64
		{5A799D19-0D57-324A-A88B-361BB37EFBA9}.MinSizeRel|x64.ActiveCfg = MinSizeRel|x64
		{5A799D19-0D57-324A-A88B-361BB37EFBA9}.RelWithDebInfo|x64.ActiveCfg = RelWithDebInfo|x64
		{0F610450-241F-307F-94AE-EDA27044349F}.Debug|x64.ActiveCfg = Debug|x64
		{0F610450-241F-307F-94AE-EDA27044349F}.Debug|x64.Build.0 = Debug|x64
		{0F610450-241F-307F-94AE-EDA27044349F}.Release|x64.ActiveCfg = Release|x64
		{0F610450-241F-307F-94AE-EDA27044349F}.Release|x64.Build.0 = Release|x64
		{0F610450-241F-307F-94AE-EDA27044349F}.MinSizeRel|x64.ActiveCfg = MinSizeRel|x64
		{0F610450-241F-307F-94AE-EDA27044349F}.MinSizeRel|x64.Build.0 = MinSizeRel|x64
		{0F610450-241F-307F-94AE-EDA27044349F}.RelWithDebInfo|x64.ActiveCfg = RelWithDebInfo|x64
		{0F610450-241F-307F-94AE-EDA27044349F}.RelWithDebInfo|x64.Build.0 = RelWithDebInfo|x64
		{6538D26D-CB92-33B9-90EE-72AA78147332}.Debug|x64.ActiveCfg = Debug|x64
		{6538D26D-CB92-33B9-90EE-72AA78147332}.Debug|x64.Build.0 = Debug|x64
		{6538D26D-CB92-33B9-90EE-72AA78147332}.Release|x64.ActiveCfg = Release|x64
		{6538D26D-CB92-33B9-90EE-72AA78147332}.Release|x64.Build.0 = Release|x64
		{6538D26D-CB92-33B9-90EE-72AA78147332}.MinSizeRel|x64.ActiveCfg = MinSizeRel|x64
		{6538D26D-CB92-33B9-90EE-72AA78147332}.MinSizeRel|x64.Build.0 = MinSizeRel|x64
		{6538D26D-CB92-33B9-90EE-72AA78147332}.RelWithDebInfo|x64.ActiveCfg = RelWithDebInfo|x64
		{6538D26D-CB92-33B9-90EE-72AA78147332}.RelWithDebInfo|x64.Build.0 = RelWithDebInfo|x64
		{171CD88B-BF44-3A9F-A469-C58511B3C2BA}.Debug|x64.ActiveCfg = Debug|x64
		{171CD88B-BF44-3A9F-A469-C58511B3C2BA}.Debug|x64.Build.0 = Debug|x64
		{171CD88B-BF44-3A9F-A469-C58511B3C2BA}.Release|x64.ActiveCfg = Release|x64
		{171CD88B-BF44-3A9F-A469-C58511B3C2BA}.Release|x64.Build.0 = Release|x64
		{171CD88B-BF44-3A9F-A469-C58511B3C2BA}.MinSizeRel|x64.ActiveCfg = MinSizeRel|x64
		{171CD88B-BF44-3A9F-A469-C58511B3C2BA}.MinSizeRel|x64.Build.0 = MinSizeRel|x64
		{171CD88B-BF44-3A9F-A469-C58511B3C2BA}.RelWithDebInfo|x64.ActiveCfg = RelWithDebInfo|x64
		{171CD88B-BF44-3A9F-A469-C58511B3C2BA}.RelWithDebInfo|x64.Build.0 = RelWithDebInfo|x64
	EndGlobalSection
	GlobalSection(ExtensibilityGlobals) = postSolution
	EndGlobalSection
	GlobalSection(ExtensibilityAddIns) = postSolution
	EndGlobalSection
EndGlobal
